{
  "name": "tree-sitter-cli",
  "version": "0.7.2",
  "lockfileVersion": 1,
  "requires": true,
  "dependencies": {
    "ansi-regex": {
      "version": "https://registry.npmjs.org/ansi-regex/-/ansi-regex-2.0.0.tgz",
      "integrity": "sha1-xQYbbg74qBd15Q9dZhUb9r83EQc="
    },
    "asn1": {
      "version": "https://registry.npmjs.org/asn1/-/asn1-0.1.11.tgz",
      "integrity": "sha1-VZvhg3bQik7E2+gId9J4GGObLfc="
    },
    "assert-plus": {
      "version": "https://registry.npmjs.org/assert-plus/-/assert-plus-0.1.5.tgz",
      "integrity": "sha1-7nQAlBMALYTOxyGcasgRgS5yMWA="
    },
    "assertion-error": {
      "version": "https://registry.npmjs.org/assertion-error/-/assertion-error-1.0.2.tgz",
      "integrity": "sha1-E8pRXYYgbaC6xm6DTdOX2HWBCUw=",
      "dev": true
    },
    "backoff": {
      "version": "https://registry.npmjs.org/backoff/-/backoff-2.3.0.tgz",
      "integrity": "sha1-7nx+OAk/kuRyhZ22NedlJFT8Ieo="
    },
    "balanced-match": {
      "version": "https://registry.npmjs.org/balanced-match/-/balanced-match-0.4.2.tgz",
      "integrity": "sha1-yz8+PHMtwPAe5wtAPzAuYddwmDg="
    },
    "block-stream": {
      "version": "https://registry.npmjs.org/block-stream/-/block-stream-0.0.9.tgz",
      "integrity": "sha1-E+v+d4oDIFz+A3UUgeu0szAMEmo=",
      "requires": {
        "inherits": "https://registry.npmjs.org/inherits/-/inherits-2.0.1.tgz"
      }
    },
    "brace-expansion": {
      "version": "https://registry.npmjs.org/brace-expansion/-/brace-expansion-1.1.6.tgz",
      "integrity": "sha1-cZfX6qm4fmSDkOph/GbIRCdCDfk=",
      "requires": {
        "balanced-match": "https://registry.npmjs.org/balanced-match/-/balanced-match-0.4.2.tgz",
        "concat-map": "https://registry.npmjs.org/concat-map/-/concat-map-0.0.1.tgz"
      }
    },
    "builtin-modules": {
      "version": "https://registry.npmjs.org/builtin-modules/-/builtin-modules-1.1.1.tgz",
      "integrity": "sha1-Jw8HbFpywC9bZaR9+Uxf46J4iS8="
    },
    "bunyan": {
      "version": "https://registry.npmjs.org/bunyan/-/bunyan-0.21.4.tgz",
      "integrity": "sha1-fw6p5MQ1SE8G+ezlMfYhQ9rc0/s=",
      "requires": {
        "dtrace-provider": "0.2.8",
        "mv": "https://registry.npmjs.org/mv/-/mv-0.0.5.tgz"
      }
    },
    "camelcase": {
      "version": "https://registry.npmjs.org/camelcase/-/camelcase-3.0.0.tgz",
      "integrity": "sha1-MvxLn82vhF/N9+c7uXysImHwqwo="
    },
    "carrier": {
      "version": "https://registry.npmjs.org/carrier/-/carrier-0.1.7.tgz",
      "integrity": "sha1-4/w8dpQaf7a74PJBXl72Zj/WSVg="
    },
    "chai": {
      "version": "https://registry.npmjs.org/chai/-/chai-3.5.0.tgz",
      "integrity": "sha1-TQJjewZ/6Vi9v906QOxW/vc3Mkc=",
      "dev": true,
      "requires": {
        "assertion-error": "https://registry.npmjs.org/assertion-error/-/assertion-error-1.0.2.tgz",
        "deep-eql": "https://registry.npmjs.org/deep-eql/-/deep-eql-0.1.3.tgz",
        "type-detect": "https://registry.npmjs.org/type-detect/-/type-detect-1.0.0.tgz"
      }
    },
    "cliui": {
      "version": "https://registry.npmjs.org/cliui/-/cliui-3.2.0.tgz",
      "integrity": "sha1-EgYBU3qRbSmUD5NNo7SNWFo5IT0=",
      "requires": {
        "string-width": "https://registry.npmjs.org/string-width/-/string-width-1.0.2.tgz",
        "strip-ansi": "https://registry.npmjs.org/strip-ansi/-/strip-ansi-3.0.1.tgz",
        "wrap-ansi": "https://registry.npmjs.org/wrap-ansi/-/wrap-ansi-2.0.0.tgz"
      }
    },
    "clone": {
      "version": "https://registry.npmjs.org/clone/-/clone-0.1.11.tgz",
      "integrity": "sha1-QIt9F3PrDfvy3bFWwcRxcMF+OpY="
    },
    "cmdln": {
      "version": "https://registry.npmjs.org/cmdln/-/cmdln-1.3.1.tgz",
      "integrity": "sha1-3+3AwpYSIZ8vr788tx+/U1ayB/I=",
      "requires": {
        "assert-plus": "https://registry.npmjs.org/assert-plus/-/assert-plus-0.1.3.tgz",
        "dashdash": "https://registry.npmjs.org/dashdash/-/dashdash-1.3.2.tgz",
        "extsprintf": "https://registry.npmjs.org/extsprintf/-/extsprintf-1.0.2.tgz",
        "verror": "https://registry.npmjs.org/verror/-/verror-1.3.6.tgz"
      },
      "dependencies": {
        "assert-plus": {
          "version": "https://registry.npmjs.org/assert-plus/-/assert-plus-0.1.3.tgz",
          "integrity": "sha1-MuuorIPlCuT0tbq6sa6aoO3sn+8="
        }
      }
    },
    "code-point-at": {
      "version": "https://registry.npmjs.org/code-point-at/-/code-point-at-1.0.0.tgz",
      "integrity": "sha1-9psZLT99keOC5Lcb3bd4eGGasMY=",
      "requires": {
        "number-is-nan": "https://registry.npmjs.org/number-is-nan/-/number-is-nan-1.0.0.tgz"
      }
    },
    "commander": {
      "version": "https://registry.npmjs.org/commander/-/commander-2.3.0.tgz",
      "integrity": "sha1-/UMOiJgy7DU7ms0d4hfBHLPu+HM=",
      "dev": true
    },
    "concat-map": {
      "version": "https://registry.npmjs.org/concat-map/-/concat-map-0.0.1.tgz",
      "integrity": "sha1-2Klr13/Wjfd5OnMDajug1UBdR3s="
    },
    "core-util-is": {
      "version": "https://registry.npmjs.org/core-util-is/-/core-util-is-1.0.2.tgz",
      "integrity": "sha1-tf1UIgqivFq1eqtxQMlAdUUDwac="
    },
    "csv": {
      "version": "https://registry.npmjs.org/csv/-/csv-0.3.7.tgz",
      "integrity": "sha1-pPijY/AHLNFVGB5rtJvVjlSXsxw="
    },
    "ctype": {
      "version": "https://registry.npmjs.org/ctype/-/ctype-0.5.2.tgz",
      "integrity": "sha1-/oCR1Gijc6Cwyf+Lv7NCXACXOh0="
    },
    "dashdash": {
      "version": "https://registry.npmjs.org/dashdash/-/dashdash-1.3.2.tgz",
      "integrity": "sha1-HnbRP63yX49Q5wISyYolvrGzuOs=",
      "requires": {
        "assert-plus": "https://registry.npmjs.org/assert-plus/-/assert-plus-0.1.2.tgz"
      },
      "dependencies": {
        "assert-plus": {
          "version": "https://registry.npmjs.org/assert-plus/-/assert-plus-0.1.2.tgz",
          "integrity": "sha1-2T/9u2esVQd3m+MWp9ZRRkF77vg="
        }
      }
    },
    "debug": {
      "version": "https://registry.npmjs.org/debug/-/debug-2.2.0.tgz",
      "integrity": "sha1-+HBX6ZWxofauaklgZkE3vFbwOdo=",
      "dev": true,
      "requires": {
        "ms": "https://registry.npmjs.org/ms/-/ms-0.7.1.tgz"
      }
    },
    "decamelize": {
      "version": "https://registry.npmjs.org/decamelize/-/decamelize-1.2.0.tgz",
      "integrity": "sha1-9lNNFRSCabIDUue+4m9QH5oZEpA="
    },
    "deep-eql": {
      "version": "https://registry.npmjs.org/deep-eql/-/deep-eql-0.1.3.tgz",
      "integrity": "sha1-71WKyrjeJSBs1xOQbXTlaTDrafI=",
      "dev": true,
      "requires": {
        "type-detect": "https://registry.npmjs.org/type-detect/-/type-detect-0.1.1.tgz"
      },
      "dependencies": {
        "type-detect": {
          "version": "https://registry.npmjs.org/type-detect/-/type-detect-0.1.1.tgz",
          "integrity": "sha1-C6XsKohWQORw6k6FBZcZANrFiCI=",
          "dev": true
        }
      }
    },
    "deep-equal": {
      "version": "https://registry.npmjs.org/deep-equal/-/deep-equal-0.0.0.tgz",
      "integrity": "sha1-mWedO70EcVb81FDT0B7rkGhpHoM="
    },
    "diff": {
      "version": "https://registry.npmjs.org/diff/-/diff-1.4.0.tgz",
      "integrity": "sha1-fyjS657nsVqX79ic5j3P2qPMur8=",
      "dev": true
    },
    "dtrace-provider": {
      "version": "0.2.8",
      "resolved": "https://registry.npmjs.org/dtrace-provider/-/dtrace-provider-0.2.8.tgz",
      "integrity": "sha1-4kPxkhmqlfvw2PL/sH9b1k6U/iA=",
      "optional": true
    },
    "ejs": {
      "version": "https://registry.npmjs.org/ejs/-/ejs-1.0.0.tgz",
      "integrity": "sha1-ycYKSKRu5FL7MqccMXuV5aofyz0="
    },
    "error-ex": {
      "version": "https://registry.npmjs.org/error-ex/-/error-ex-1.3.0.tgz",
      "integrity": "sha1-5ntD8+gsluo6WE/+4Ln8MyXYAtk=",
      "requires": {
        "is-arrayish": "https://registry.npmjs.org/is-arrayish/-/is-arrayish-0.2.1.tgz"
      }
    },
    "escape-regexp-component": {
      "version": "https://registry.npmjs.org/escape-regexp-component/-/escape-regexp-component-1.0.2.tgz",
      "integrity": "sha1-nGO20LJf8qiMOtvRjFthrMO5+qI="
    },
    "escape-string-regexp": {
      "version": "https://registry.npmjs.org/escape-string-regexp/-/escape-string-regexp-1.0.2.tgz",
      "integrity": "sha1-Tbwv5nTnGUnK8/smlc5/LcHZqNE=",
      "dev": true
    },
    "extsprintf": {
      "version": "https://registry.npmjs.org/extsprintf/-/extsprintf-1.0.2.tgz",
      "integrity": "sha1-4QgOBljjALBilJkMxw4VAiNf1VA="
    },
    "eyes": {
      "version": "https://registry.npmjs.org/eyes/-/eyes-0.1.8.tgz",
      "integrity": "sha1-Ys8SAjTGg3hdkCNIqADvPgzCC8A="
    },
    "find-up": {
      "version": "https://registry.npmjs.org/find-up/-/find-up-1.1.2.tgz",
      "integrity": "sha1-ay6YIrGizgpgq2TWEOzK1TyyTQ8=",
      "requires": {
        "path-exists": "https://registry.npmjs.org/path-exists/-/path-exists-2.1.0.tgz",
        "pinkie-promise": "https://registry.npmjs.org/pinkie-promise/-/pinkie-promise-2.0.1.tgz"
      }
    },
    "formidable": {
      "version": "https://registry.npmjs.org/formidable/-/formidable-1.0.14.tgz",
      "integrity": "sha1-Kz9MQRy7X91pXESEPiojUUpDIxo="
    },
    "fs-extra": {
      "version": "https://registry.npmjs.org/fs-extra/-/fs-extra-0.30.0.tgz",
      "integrity": "sha1-8jP/zAjU2n1DLapEl3aYnbHfk/A=",
      "requires": {
        "graceful-fs": "https://registry.npmjs.org/graceful-fs/-/graceful-fs-4.1.5.tgz",
        "jsonfile": "https://registry.npmjs.org/jsonfile/-/jsonfile-2.3.1.tgz",
        "klaw": "https://registry.npmjs.org/klaw/-/klaw-1.3.0.tgz",
        "path-is-absolute": "https://registry.npmjs.org/path-is-absolute/-/path-is-absolute-1.0.0.tgz",
        "rimraf": "https://registry.npmjs.org/rimraf/-/rimraf-2.5.4.tgz"
      }
    },
    "fs.realpath": {
      "version": "https://registry.npmjs.org/fs.realpath/-/fs.realpath-1.0.0.tgz",
      "integrity": "sha1-FQStJSMVjKpA20onh8sBQRmU6k8="
    },
    "fstream": {
      "version": "https://registry.npmjs.org/fstream/-/fstream-0.1.31.tgz",
      "integrity": "sha1-czfwWPu7vvqMn1YaKMqwhJICyYg=",
      "requires": {
        "graceful-fs": "https://registry.npmjs.org/graceful-fs/-/graceful-fs-3.0.11.tgz",
        "inherits": "https://registry.npmjs.org/inherits/-/inherits-2.0.1.tgz",
        "mkdirp": "https://registry.npmjs.org/mkdirp/-/mkdirp-0.5.1.tgz",
        "rimraf": "https://registry.npmjs.org/rimraf/-/rimraf-2.5.4.tgz"
      },
      "dependencies": {
        "graceful-fs": {
          "version": "https://registry.npmjs.org/graceful-fs/-/graceful-fs-3.0.11.tgz",
          "integrity": "sha1-dhPHeKGv6mLyXGMKCG1/Osu92Bg=",
          "requires": {
            "natives": "https://registry.npmjs.org/natives/-/natives-1.1.0.tgz"
          }
        }
      }
    },
    "get-caller-file": {
      "version": "https://registry.npmjs.org/get-caller-file/-/get-caller-file-1.0.2.tgz",
      "integrity": "sha1-9wLmMSfn4jHBYKgMFVSstw1QR+U="
    },
    "glob": {
      "version": "https://registry.npmjs.org/glob/-/glob-7.0.5.tgz",
      "integrity": "sha1-tCAqaQmbu00pKnwblbZoK2fr3JU=",
      "requires": {
        "fs.realpath": "https://registry.npmjs.org/fs.realpath/-/fs.realpath-1.0.0.tgz",
        "inflight": "https://registry.npmjs.org/inflight/-/inflight-1.0.5.tgz",
        "inherits": "https://registry.npmjs.org/inherits/-/inherits-2.0.1.tgz",
        "minimatch": "https://registry.npmjs.org/minimatch/-/minimatch-3.0.3.tgz",
        "once": "https://registry.npmjs.org/once/-/once-1.3.3.tgz",
        "path-is-absolute": "https://registry.npmjs.org/path-is-absolute/-/path-is-absolute-1.0.0.tgz"
      }
    },
    "graceful-fs": {
      "version": "https://registry.npmjs.org/graceful-fs/-/graceful-fs-4.1.5.tgz",
      "integrity": "sha1-9HRejK7V4N0u8hu14tIpoy6Ak8A="
    },
    "growl": {
      "version": "https://registry.npmjs.org/growl/-/growl-1.8.1.tgz",
      "integrity": "sha1-Sy3sjZB+k9szZiTc7AGDUC+MlCg=",
      "dev": true
    },
    "hogan.js": {
      "version": "https://registry.npmjs.org/hogan.js/-/hogan.js-2.0.0.tgz",
      "integrity": "sha1-OlsEGG1Rc3/SA1eS1Bmp9agvnQ4="
    },
    "hosted-git-info": {
      "version": "https://registry.npmjs.org/hosted-git-info/-/hosted-git-info-2.1.5.tgz",
      "integrity": "sha1-C6gdkNouJas0ozLm7HeTbhWYEYs="
    },
    "http-signature": {
      "version": "https://registry.npmjs.org/http-signature/-/http-signature-0.10.0.tgz",
      "integrity": "sha1-FJTk9QAKg8DxG8wS1gB8Uwy5lYI=",
      "requires": {
        "asn1": "https://registry.npmjs.org/asn1/-/asn1-0.1.11.tgz",
        "assert-plus": "https://registry.npmjs.org/assert-plus/-/assert-plus-0.1.2.tgz",
        "ctype": "https://registry.npmjs.org/ctype/-/ctype-0.5.2.tgz"
      },
      "dependencies": {
        "assert-plus": {
          "version": "https://registry.npmjs.org/assert-plus/-/assert-plus-0.1.2.tgz",
          "integrity": "sha1-2T/9u2esVQd3m+MWp9ZRRkF77vg="
        }
      }
    },
    "inflight": {
      "version": "https://registry.npmjs.org/inflight/-/inflight-1.0.5.tgz",
      "integrity": "sha1-2zIEzVqd4ubNiQuFxuL2a89PYgo=",
      "requires": {
        "once": "https://registry.npmjs.org/once/-/once-1.3.3.tgz",
        "wrappy": "https://registry.npmjs.org/wrappy/-/wrappy-1.0.2.tgz"
      }
    },
    "inherits": {
      "version": "https://registry.npmjs.org/inherits/-/inherits-2.0.1.tgz",
      "integrity": "sha1-sX0I0ya0Qj5Wjv9xn5GwscvfafE="
    },
    "invert-kv": {
      "version": "https://registry.npmjs.org/invert-kv/-/invert-kv-1.0.0.tgz",
      "integrity": "sha1-EEqOSqym09jNFXqO+L+rLXo//bY="
    },
    "is-arrayish": {
      "version": "https://registry.npmjs.org/is-arrayish/-/is-arrayish-0.2.1.tgz",
      "integrity": "sha1-d8mYQFJ6qOyxqLppe4BkWnqSap0="
    },
    "is-builtin-module": {
      "version": "https://registry.npmjs.org/is-builtin-module/-/is-builtin-module-1.0.0.tgz",
      "integrity": "sha1-VAVy0096wxGfj3bDDLwbHgN6/74=",
      "requires": {
        "builtin-modules": "https://registry.npmjs.org/builtin-modules/-/builtin-modules-1.1.1.tgz"
      }
    },
    "is-fullwidth-code-point": {
      "version": "https://registry.npmjs.org/is-fullwidth-code-point/-/is-fullwidth-code-point-1.0.0.tgz",
      "integrity": "sha1-754xOG8DGn8NZDr4L95QxFfvAMs=",
      "requires": {
        "number-is-nan": "https://registry.npmjs.org/number-is-nan/-/number-is-nan-1.0.0.tgz"
      }
    },
    "is-utf8": {
      "version": "https://registry.npmjs.org/is-utf8/-/is-utf8-0.2.1.tgz",
      "integrity": "sha1-Sw2hRCEE0bM2NA6AeX6GXPOffXI="
    },
    "isarray": {
      "version": "https://registry.npmjs.org/isarray/-/isarray-0.0.1.tgz",
      "integrity": "sha1-ihis/Kmo9Bd+Cav8YDiTmwXR7t8="
    },
    "jade": {
      "version": "https://registry.npmjs.org/jade/-/jade-0.26.3.tgz",
      "integrity": "sha1-jxDXl32NefL2/4YqgbBRPMslaGw=",
      "dev": true,
      "requires": {
        "commander": "https://registry.npmjs.org/commander/-/commander-0.6.1.tgz",
        "mkdirp": "https://registry.npmjs.org/mkdirp/-/mkdirp-0.3.0.tgz"
      },
      "dependencies": {
        "commander": {
          "version": "https://registry.npmjs.org/commander/-/commander-0.6.1.tgz",
          "integrity": "sha1-+mihT2qUXVTbvlDYzbMyDp47GgY=",
          "dev": true
        },
        "mkdirp": {
          "version": "https://registry.npmjs.org/mkdirp/-/mkdirp-0.3.0.tgz",
          "integrity": "sha1-G79asbqCevI1dRQ0kEJkVfSB/h4=",
          "dev": true
        }
      }
    },
    "json-schema": {
      "version": "https://registry.npmjs.org/json-schema/-/json-schema-0.2.2.tgz",
      "integrity": "sha1-UDVPGfYDkXxpX3C4Wvp3w7DyNQY="
    },
    "jsonfile": {
      "version": "https://registry.npmjs.org/jsonfile/-/jsonfile-2.3.1.tgz",
      "integrity": "sha1-KLyynFlrW3qv005mKjKbpizYQvw="
    },
    "jsonschema": {
      "version": "1.0.3",
      "resolved": "https://registry.npmjs.org/jsonschema/-/jsonschema-1.0.3.tgz",
      "integrity": "sha1-Gk35YR51s7S05SoAwREO0OnXs2A=",
      "dev": true
    },
    "jsprim": {
      "version": "https://registry.npmjs.org/jsprim/-/jsprim-0.5.1.tgz",
      "integrity": "sha1-7kQwEybj7YlAO14U2gWfZCHuHUM=",
      "requires": {
        "extsprintf": "https://registry.npmjs.org/extsprintf/-/extsprintf-1.0.2.tgz",
        "json-schema": "https://registry.npmjs.org/json-schema/-/json-schema-0.2.2.tgz",
        "verror": "https://registry.npmjs.org/verror/-/verror-1.3.6.tgz"
      }
    },
    "keep-alive-agent": {
      "version": "https://registry.npmjs.org/keep-alive-agent/-/keep-alive-agent-0.0.1.tgz",
      "integrity": "sha1-RIR8o5TOjWtSGuhYFr1kUJlCs4U="
    },
    "klaw": {
      "version": "https://registry.npmjs.org/klaw/-/klaw-1.3.0.tgz",
      "integrity": "sha1-iFe/vB2CS63xPT0CQdi75G+xL3M="
    },
    "lcid": {
      "version": "https://registry.npmjs.org/lcid/-/lcid-1.0.0.tgz",
      "integrity": "sha1-MIrMr6C8SDo4Z7S28rlQYlHRuDU=",
      "requires": {
        "invert-kv": "https://registry.npmjs.org/invert-kv/-/invert-kv-1.0.0.tgz"
      }
    },
    "load-json-file": {
      "version": "https://registry.npmjs.org/load-json-file/-/load-json-file-1.1.0.tgz",
      "integrity": "sha1-lWkFcI1YtLq0wiYbBPWfMcmTdMA=",
      "requires": {
        "graceful-fs": "https://registry.npmjs.org/graceful-fs/-/graceful-fs-4.1.5.tgz",
        "parse-json": "https://registry.npmjs.org/parse-json/-/parse-json-2.2.0.tgz",
        "pify": "https://registry.npmjs.org/pify/-/pify-2.3.0.tgz",
        "pinkie-promise": "https://registry.npmjs.org/pinkie-promise/-/pinkie-promise-2.0.1.tgz",
        "strip-bom": "https://registry.npmjs.org/strip-bom/-/strip-bom-2.0.0.tgz"
      }
    },
    "lodash.assign": {
      "version": "https://registry.npmjs.org/lodash.assign/-/lodash.assign-4.2.0.tgz",
      "integrity": "sha1-DZnzzNem0mHRm9rrkkUAXShYCOc="
    },
    "lru-cache": {
      "version": "https://registry.npmjs.org/lru-cache/-/lru-cache-2.7.3.tgz",
      "integrity": "sha1-bUUk6LlV+V1PW1iFHOId1y+06VI=",
      "dev": true
    },
    "lstream": {
      "version": "https://registry.npmjs.org/lstream/-/lstream-0.0.3.tgz",
      "integrity": "sha1-KY7BDtSGN+kBJo3ueAtGXV7FeuE=",
      "requires": {
        "readable-stream": "https://registry.npmjs.org/readable-stream/-/readable-stream-1.1.9.tgz"
      }
    },
    "manta": {
      "version": "https://registry.npmjs.org/manta/-/manta-1.5.1.tgz",
      "integrity": "sha1-VYfzkJffaJP1C84/qVyviuTViTw=",
      "requires": {
        "assert-plus": "https://registry.npmjs.org/assert-plus/-/assert-plus-0.1.5.tgz",
        "backoff": "https://registry.npmjs.org/backoff/-/backoff-2.3.0.tgz",
        "bunyan": "https://registry.npmjs.org/bunyan/-/bunyan-0.22.1.tgz",
        "clone": "https://registry.npmjs.org/clone/-/clone-0.1.11.tgz",
        "cmdln": "https://registry.npmjs.org/cmdln/-/cmdln-1.3.1.tgz",
        "dashdash": "https://registry.npmjs.org/dashdash/-/dashdash-1.3.2.tgz",
        "extsprintf": "https://registry.npmjs.org/extsprintf/-/extsprintf-1.0.2.tgz",
        "hogan.js": "https://registry.npmjs.org/hogan.js/-/hogan.js-2.0.0.tgz",
        "http-signature": "https://registry.npmjs.org/http-signature/-/http-signature-0.10.0.tgz",
        "jsprim": "https://registry.npmjs.org/jsprim/-/jsprim-0.5.0.tgz",
        "lstream": "https://registry.npmjs.org/lstream/-/lstream-0.0.3.tgz",
        "mime": "https://registry.npmjs.org/mime/-/mime-1.2.11.tgz",
        "moment": "https://registry.npmjs.org/moment/-/moment-2.4.0.tgz",
        "node-uuid": "https://registry.npmjs.org/node-uuid/-/node-uuid-1.4.1.tgz",
        "once": "https://registry.npmjs.org/once/-/once-1.3.0.tgz",
        "path-platform": "https://registry.npmjs.org/path-platform/-/path-platform-0.0.1.tgz",
        "progbar": "https://registry.npmjs.org/progbar/-/progbar-1.0.0.tgz",
        "readable-stream": "https://registry.npmjs.org/readable-stream/-/readable-stream-1.1.9.tgz",
        "restify": "https://registry.npmjs.org/restify/-/restify-2.8.1.tgz",
        "showdown": "https://registry.npmjs.org/showdown/-/showdown-0.3.1.tgz",
        "ssh-agent": "https://registry.npmjs.org/ssh-agent/-/ssh-agent-0.2.3.tgz",
        "tar": "https://registry.npmjs.org/tar/-/tar-0.1.18.tgz",
        "vasync": "https://registry.npmjs.org/vasync/-/vasync-1.4.0.tgz",
        "verror": "https://registry.npmjs.org/verror/-/verror-1.3.6.tgz",
        "watershed": "https://registry.npmjs.org/watershed/-/watershed-0.3.0.tgz"
      },
      "dependencies": {
        "bunyan": {
          "version": "https://registry.npmjs.org/bunyan/-/bunyan-0.22.1.tgz",
          "integrity": "sha1-Agw4O+1iWvXGyINN2MSsoN0Pdlw=",
          "requires": {
            "dtrace-provider": "0.2.8",
            "mv": "https://registry.npmjs.org/mv/-/mv-0.0.5.tgz"
          }
        },
        "jsprim": {
          "version": "https://registry.npmjs.org/jsprim/-/jsprim-0.5.0.tgz",
          "integrity": "sha1-9lIunGs8ybVC6xwRHe+8jlP42rk=",
          "requires": {
            "extsprintf": "https://registry.npmjs.org/extsprintf/-/extsprintf-1.0.2.tgz",
            "json-schema": "https://registry.npmjs.org/json-schema/-/json-schema-0.2.2.tgz",
            "verror": "https://registry.npmjs.org/verror/-/verror-1.3.6.tgz"
          }
        },
        "once": {
          "version": "https://registry.npmjs.org/once/-/once-1.3.0.tgz",
          "integrity": "sha1-FRr4a/wfCMS58H0GqyUP/L61ZYE="
        }
      }
    },
    "mime": {
      "version": "https://registry.npmjs.org/mime/-/mime-1.2.11.tgz",
      "integrity": "sha1-WCA+7Ybjpe8XrtK32evUfwpg3RA="
    },
    "minimatch": {
      "version": "https://registry.npmjs.org/minimatch/-/minimatch-3.0.3.tgz",
      "integrity": "sha1-Kk5AkLlrLbBqnX3wEFWmKnfJt3Q=",
      "requires": {
        "brace-expansion": "https://registry.npmjs.org/brace-expansion/-/brace-expansion-1.1.6.tgz"
      }
    },
    "minimist": {
      "version": "https://registry.npmjs.org/minimist/-/minimist-0.0.8.tgz",
      "integrity": "sha1-hX/Kv8M5fSYluCKCYuhqp6ARsF0="
    },
    "mkdirp": {
      "version": "https://registry.npmjs.org/mkdirp/-/mkdirp-0.5.1.tgz",
      "integrity": "sha1-MAV0OOrGz3+MR2fzhkjWaX11yQM=",
      "requires": {
        "minimist": "https://registry.npmjs.org/minimist/-/minimist-0.0.8.tgz"
      }
    },
    "mocha": {
      "version": "https://registry.npmjs.org/mocha/-/mocha-2.4.5.tgz",
      "integrity": "sha1-FRdo3Sh161G8gpXpgAAm6fK7OY8=",
      "dev": true,
      "requires": {
        "commander": "https://registry.npmjs.org/commander/-/commander-2.3.0.tgz",
        "debug": "https://registry.npmjs.org/debug/-/debug-2.2.0.tgz",
        "diff": "https://registry.npmjs.org/diff/-/diff-1.4.0.tgz",
        "escape-string-regexp": "https://registry.npmjs.org/escape-string-regexp/-/escape-string-regexp-1.0.2.tgz",
        "glob": "3.2.3",
        "growl": "https://registry.npmjs.org/growl/-/growl-1.8.1.tgz",
        "jade": "https://registry.npmjs.org/jade/-/jade-0.26.3.tgz",
        "mkdirp": "https://registry.npmjs.org/mkdirp/-/mkdirp-0.5.1.tgz",
        "supports-color": "https://registry.npmjs.org/supports-color/-/supports-color-1.2.0.tgz"
      },
      "dependencies": {
        "glob": {
          "version": "3.2.3",
          "resolved": "https://registry.npmjs.org/glob/-/glob-3.2.3.tgz",
          "integrity": "sha1-4xPusknHr/qlxHUoaw4RW1mDlGc=",
          "dev": true,
          "requires": {
            "graceful-fs": "https://registry.npmjs.org/graceful-fs/-/graceful-fs-2.0.3.tgz",
            "inherits": "https://registry.npmjs.org/inherits/-/inherits-2.0.1.tgz",
            "minimatch": "https://registry.npmjs.org/minimatch/-/minimatch-0.2.14.tgz"
          }
        },
        "graceful-fs": {
          "version": "https://registry.npmjs.org/graceful-fs/-/graceful-fs-2.0.3.tgz",
          "integrity": "sha1-fNLNsiiko/Nule+mzBQt59GhNtA=",
          "dev": true
        },
        "minimatch": {
          "version": "https://registry.npmjs.org/minimatch/-/minimatch-0.2.14.tgz",
          "integrity": "sha1-x054BXT2PG+aCQ6Q775u9TpqdWo=",
          "dev": true,
          "requires": {
            "lru-cache": "https://registry.npmjs.org/lru-cache/-/lru-cache-2.7.3.tgz",
            "sigmund": "https://registry.npmjs.org/sigmund/-/sigmund-1.0.1.tgz"
          }
        }
      }
    },
    "moment": {
      "version": "https://registry.npmjs.org/moment/-/moment-2.4.0.tgz",
      "integrity": "sha1-Bt2N+7/bU6A1EAgKx4gWPJSQ510="
    },
    "ms": {
      "version": "https://registry.npmjs.org/ms/-/ms-0.7.1.tgz",
      "integrity": "sha1-nNE8A62/8ltl7/3nzoZO6VIBcJg=",
      "dev": true
    },
    "mv": {
      "version": "https://registry.npmjs.org/mv/-/mv-0.0.5.tgz",
      "integrity": "sha1-FerHWUeYhN8RMdbeVrziC2VPU5E=",
      "optional": true
    },
    "nan": {
      "version": "https://registry.npmjs.org/nan/-/nan-2.4.0.tgz",
      "integrity": "sha1-+zxZ1F/k7/4hXwuJD4rfbrMtIjI="
    },
    "natives": {
      "version": "https://registry.npmjs.org/natives/-/natives-1.1.0.tgz",
      "integrity": "sha1-6f+EFBimsux6SV6TmYT3jxY+bjE="
    },
    "negotiator": {
      "version": "https://registry.npmjs.org/negotiator/-/negotiator-0.3.0.tgz",
      "integrity": "sha1-cG1pLv7d9XTVfqn7GriaT6fuj2A="
    },
    "node-uuid": {
      "version": "https://registry.npmjs.org/node-uuid/-/node-uuid-1.4.1.tgz",
      "integrity": "sha1-Oa71EOWImj3KnIlbUGxzquG6wEg="
    },
    "normalize-package-data": {
      "version": "https://registry.npmjs.org/normalize-package-data/-/normalize-package-data-2.3.5.tgz",
      "integrity": "sha1-jZJPFClg4Xd+f/4XBUNjHMfLAt8=",
      "requires": {
        "hosted-git-info": "https://registry.npmjs.org/hosted-git-info/-/hosted-git-info-2.1.5.tgz",
        "is-builtin-module": "https://registry.npmjs.org/is-builtin-module/-/is-builtin-module-1.0.0.tgz",
        "semver": "https://registry.npmjs.org/semver/-/semver-5.3.0.tgz",
        "validate-npm-package-license": "https://registry.npmjs.org/validate-npm-package-license/-/validate-npm-package-license-3.0.1.tgz"
      }
    },
    "number-is-nan": {
      "version": "https://registry.npmjs.org/number-is-nan/-/number-is-nan-1.0.0.tgz",
      "integrity": "sha1-wCD1KcUoKt/dIz2R1LGBw9aG3Es="
    },
    "once": {
      "version": "https://registry.npmjs.org/once/-/once-1.3.3.tgz",
      "integrity": "sha1-suJhVXzkwxTsgwTz+oJmPkKXyiA=",
      "requires": {
        "wrappy": "https://registry.npmjs.org/wrappy/-/wrappy-1.0.2.tgz"
      }
    },
    "os-locale": {
      "version": "https://registry.npmjs.org/os-locale/-/os-locale-1.4.0.tgz",
      "integrity": "sha1-IPnxeuKe00XoveWDsT0gCYA8FNk=",
      "requires": {
        "lcid": "https://registry.npmjs.org/lcid/-/lcid-1.0.0.tgz"
      }
    },
    "os-tmpdir": {
      "version": "https://registry.npmjs.org/os-tmpdir/-/os-tmpdir-1.0.1.tgz",
      "integrity": "sha1-6bQjoe2vR5iCVi6S7XHXdDoHG24="
    },
    "parse-json": {
      "version": "https://registry.npmjs.org/parse-json/-/parse-json-2.2.0.tgz",
      "integrity": "sha1-9ID0BDTvgHQfhGkJn43qGPVaTck=",
      "requires": {
        "error-ex": "https://registry.npmjs.org/error-ex/-/error-ex-1.3.0.tgz"
      }
    },
    "path-exists": {
      "version": "https://registry.npmjs.org/path-exists/-/path-exists-2.1.0.tgz",
      "integrity": "sha1-D+tsZPD8UY2adU3V77YscCJ2H0s=",
      "requires": {
        "pinkie-promise": "https://registry.npmjs.org/pinkie-promise/-/pinkie-promise-2.0.1.tgz"
      }
    },
    "path-is-absolute": {
      "version": "https://registry.npmjs.org/path-is-absolute/-/path-is-absolute-1.0.0.tgz",
      "integrity": "sha1-Jj2tpmqz8vsQv3+dJN2PPlcO+RI="
    },
    "path-platform": {
      "version": "https://registry.npmjs.org/path-platform/-/path-platform-0.0.1.tgz",
      "integrity": "sha1-tVhdfDxGPYmqAGDYZhHPGv1hfio="
    },
    "path-type": {
      "version": "https://registry.npmjs.org/path-type/-/path-type-1.1.0.tgz",
      "integrity": "sha1-WcRPfuSR2nBNpBXaWkBwuk+P5EE=",
      "requires": {
        "graceful-fs": "https://registry.npmjs.org/graceful-fs/-/graceful-fs-4.1.5.tgz",
        "pify": "https://registry.npmjs.org/pify/-/pify-2.3.0.tgz",
        "pinkie-promise": "https://registry.npmjs.org/pinkie-promise/-/pinkie-promise-2.0.1.tgz"
      }
    },
    "pify": {
      "version": "https://registry.npmjs.org/pify/-/pify-2.3.0.tgz",
      "integrity": "sha1-7RQaasBDqEnqWISY59yosVMw6Qw="
    },
    "pinkie": {
      "version": "https://registry.npmjs.org/pinkie/-/pinkie-2.0.4.tgz",
      "integrity": "sha1-clVrgM+g1IqXToDnckjoDtT3+HA="
    },
    "pinkie-promise": {
      "version": "https://registry.npmjs.org/pinkie-promise/-/pinkie-promise-2.0.1.tgz",
      "integrity": "sha1-ITXW36ejWMBprJsXh3YogihFD/o=",
      "requires": {
        "pinkie": "https://registry.npmjs.org/pinkie/-/pinkie-2.0.4.tgz"
      }
    },
    "posix-getopt": {
      "version": "https://registry.npmjs.org/posix-getopt/-/posix-getopt-1.0.0.tgz",
      "integrity": "sha1-QqkOymEZAUx4vEubcEY9KU2xqoc="
    },
    "progbar": {
      "version": "https://registry.npmjs.org/progbar/-/progbar-1.0.0.tgz",
      "integrity": "sha1-GjyKXZVV05aTQB7kuutYMsq/zWI=",
      "requires": {
        "assert-plus": "https://registry.npmjs.org/assert-plus/-/assert-plus-0.1.5.tgz",
        "readable-stream": "https://registry.npmjs.org/readable-stream/-/readable-stream-1.0.34.tgz",
        "sprintf": "https://registry.npmjs.org/sprintf/-/sprintf-0.1.5.tgz"
      },
      "dependencies": {
        "readable-stream": {
          "version": "https://registry.npmjs.org/readable-stream/-/readable-stream-1.0.34.tgz",
          "integrity": "sha1-Elgg40vIQtLyqq+v5MKRbuMsFXw=",
          "requires": {
            "core-util-is": "https://registry.npmjs.org/core-util-is/-/core-util-is-1.0.2.tgz",
            "inherits": "https://registry.npmjs.org/inherits/-/inherits-2.0.1.tgz",
            "isarray": "https://registry.npmjs.org/isarray/-/isarray-0.0.1.tgz",
            "string_decoder": "https://registry.npmjs.org/string_decoder/-/string_decoder-0.10.31.tgz"
          }
        }
      }
    },
    "qs": {
      "version": "https://registry.npmjs.org/qs/-/qs-0.6.6.tgz",
      "integrity": "sha1-bgFQmP9RlouKPIGQAdXyyJvEsQc="
    },
    "read-pkg": {
      "version": "https://registry.npmjs.org/read-pkg/-/read-pkg-1.1.0.tgz",
      "integrity": "sha1-9f+qXs0pyzHAR0vKfXVra7KePyg=",
      "requires": {
        "load-json-file": "https://registry.npmjs.org/load-json-file/-/load-json-file-1.1.0.tgz",
        "normalize-package-data": "https://registry.npmjs.org/normalize-package-data/-/normalize-package-data-2.3.5.tgz",
        "path-type": "https://registry.npmjs.org/path-type/-/path-type-1.1.0.tgz"
      }
    },
    "read-pkg-up": {
      "version": "https://registry.npmjs.org/read-pkg-up/-/read-pkg-up-1.0.1.tgz",
      "integrity": "sha1-nWPBMnbAZZGNV/ACpX9AobZD+wI=",
      "requires": {
        "find-up": "https://registry.npmjs.org/find-up/-/find-up-1.1.2.tgz",
        "read-pkg": "https://registry.npmjs.org/read-pkg/-/read-pkg-1.1.0.tgz"
      }
    },
    "readable-stream": {
      "version": "https://registry.npmjs.org/readable-stream/-/readable-stream-1.1.9.tgz",
      "integrity": "sha1-2HEw+/j57pw7QFizxYo+MNsvz90=",
      "requires": {
        "core-util-is": "https://registry.npmjs.org/core-util-is/-/core-util-is-1.0.2.tgz",
        "debuglog": "https://registry.npmjs.org/debuglog/-/debuglog-0.0.2.tgz"
      },
      "dependencies": {
        "debuglog": {
          "version": "https://registry.npmjs.org/debuglog/-/debuglog-0.0.2.tgz",
          "integrity": "sha1-bA3PB+LD90UkYpt0Fmi9RsezYus=",
          "optional": true
        }
      }
    },
    "require-directory": {
      "version": "https://registry.npmjs.org/require-directory/-/require-directory-2.1.1.tgz",
      "integrity": "sha1-jGStX9MNqxyXbiNE/+f3kqam30I="
    },
    "require-main-filename": {
      "version": "https://registry.npmjs.org/require-main-filename/-/require-main-filename-1.0.1.tgz",
      "integrity": "sha1-l/cXtp1IeE9fUmpsWqj/3aBVpNE="
    },
    "restify": {
      "version": "https://registry.npmjs.org/restify/-/restify-2.8.1.tgz",
      "integrity": "sha1-f8ITWSmgayHm5grUH4tacvOgwRc=",
      "requires": {
        "assert-plus": "https://registry.npmjs.org/assert-plus/-/assert-plus-0.1.5.tgz",
        "backoff": "https://registry.npmjs.org/backoff/-/backoff-2.3.0.tgz",
        "bunyan": "https://registry.npmjs.org/bunyan/-/bunyan-0.22.1.tgz",
        "csv": "https://registry.npmjs.org/csv/-/csv-0.3.7.tgz",
        "deep-equal": "https://registry.npmjs.org/deep-equal/-/deep-equal-0.0.0.tgz",
        "dtrace-provider": "0.2.8",
        "escape-regexp-component": "https://registry.npmjs.org/escape-regexp-component/-/escape-regexp-component-1.0.2.tgz",
        "formidable": "https://registry.npmjs.org/formidable/-/formidable-1.0.14.tgz",
        "http-signature": "https://registry.npmjs.org/http-signature/-/http-signature-0.10.0.tgz",
        "keep-alive-agent": "https://registry.npmjs.org/keep-alive-agent/-/keep-alive-agent-0.0.1.tgz",
        "lru-cache": "https://registry.npmjs.org/lru-cache/-/lru-cache-2.3.1.tgz",
        "mime": "https://registry.npmjs.org/mime/-/mime-1.2.11.tgz",
        "negotiator": "https://registry.npmjs.org/negotiator/-/negotiator-0.3.0.tgz",
        "node-uuid": "https://registry.npmjs.org/node-uuid/-/node-uuid-1.4.1.tgz",
        "once": "https://registry.npmjs.org/once/-/once-1.3.0.tgz",
        "qs": "https://registry.npmjs.org/qs/-/qs-0.6.6.tgz",
        "semver": "https://registry.npmjs.org/semver/-/semver-2.2.1.tgz",
        "spdy": "https://registry.npmjs.org/spdy/-/spdy-1.19.3.tgz",
        "tunnel-agent": "https://registry.npmjs.org/tunnel-agent/-/tunnel-agent-0.4.0.tgz",
        "verror": "https://registry.npmjs.org/verror/-/verror-1.3.7.tgz"
      },
      "dependencies": {
        "bunyan": {
          "version": "https://registry.npmjs.org/bunyan/-/bunyan-0.22.1.tgz",
          "integrity": "sha1-Agw4O+1iWvXGyINN2MSsoN0Pdlw=",
          "requires": {
            "dtrace-provider": "0.2.8",
            "mv": "https://registry.npmjs.org/mv/-/mv-0.0.5.tgz"
          }
        },
        "lru-cache": {
          "version": "https://registry.npmjs.org/lru-cache/-/lru-cache-2.3.1.tgz",
          "integrity": "sha1-s632s9hW6VTiw5DmzvIggSRaU9Y="
        },
        "once": {
          "version": "https://registry.npmjs.org/once/-/once-1.3.0.tgz",
          "integrity": "sha1-FRr4a/wfCMS58H0GqyUP/L61ZYE="
        },
        "semver": {
          "version": "https://registry.npmjs.org/semver/-/semver-2.2.1.tgz",
          "integrity": "sha1-eUEYKz/8xYC/8cF5QqzfeVHA0hM="
        },
        "verror": {
          "version": "https://registry.npmjs.org/verror/-/verror-1.3.7.tgz",
          "integrity": "sha1-ud0Q6Y0SkatN3jdG1w75ZhYiN/A=",
          "requires": {
            "extsprintf": "https://registry.npmjs.org/extsprintf/-/extsprintf-1.0.2.tgz"
          }
        }
      }
    },
    "rimraf": {
      "version": "https://registry.npmjs.org/rimraf/-/rimraf-2.5.4.tgz",
      "integrity": "sha1-loAAk8vxoMhr2VtGJUZ1NcKd+gQ=",
      "requires": {
        "glob": "https://registry.npmjs.org/glob/-/glob-7.0.5.tgz"
      }
    },
    "semver": {
      "version": "https://registry.npmjs.org/semver/-/semver-5.3.0.tgz",
      "integrity": "sha1-myzl094C0XxgEq0yaqa00M9U+U8="
    },
    "set-blocking": {
      "version": "https://registry.npmjs.org/set-blocking/-/set-blocking-2.0.0.tgz",
      "integrity": "sha1-BF+XgtARrppoA93TgrJDkrPYkPc="
    },
    "showdown": {
      "version": "https://registry.npmjs.org/showdown/-/showdown-0.3.1.tgz",
      "integrity": "sha1-1VDuBKMtecD2BsVAz+j7qjrovdw="
    },
    "sigmund": {
      "version": "https://registry.npmjs.org/sigmund/-/sigmund-1.0.1.tgz",
      "integrity": "sha1-P/IfGYytIXX587eBhT/ZTQ0ZtZA=",
      "dev": true
    },
    "spdx-correct": {
      "version": "https://registry.npmjs.org/spdx-correct/-/spdx-correct-1.0.2.tgz",
      "integrity": "sha1-SzBz2TP/UfORLwOsVRlJikFQ20A=",
      "requires": {
        "spdx-license-ids": "https://registry.npmjs.org/spdx-license-ids/-/spdx-license-ids-1.2.2.tgz"
      }
    },
    "spdx-exceptions": {
      "version": "https://registry.npmjs.org/spdx-exceptions/-/spdx-exceptions-1.0.5.tgz",
      "integrity": "sha1-nSGsTaS9tx0GD7dOWmdTHQMsu6Y="
    },
    "spdx-expression-parse": {
      "version": "https://registry.npmjs.org/spdx-expression-parse/-/spdx-expression-parse-1.0.2.tgz",
      "integrity": "sha1-1SsUtelnB3FECvIlvLVjEirEUvY=",
      "requires": {
        "spdx-exceptions": "https://registry.npmjs.org/spdx-exceptions/-/spdx-exceptions-1.0.5.tgz",
        "spdx-license-ids": "https://registry.npmjs.org/spdx-license-ids/-/spdx-license-ids-1.2.2.tgz"
      }
    },
    "spdx-license-ids": {
      "version": "https://registry.npmjs.org/spdx-license-ids/-/spdx-license-ids-1.2.2.tgz",
      "integrity": "sha1-yd96NCRZSt5r0RkA1ZZpbcBrrFc="
    },
    "spdy": {
      "version": "https://registry.npmjs.org/spdy/-/spdy-1.19.3.tgz",
      "integrity": "sha1-25KdqCybJklDlQLcsYz9Pl3e+EY="
    },
    "sprintf": {
      "version": "https://registry.npmjs.org/sprintf/-/sprintf-0.1.5.tgz",
      "integrity": "sha1-j4PjmpMXwaUCy324BQ5Rxnn27c8="
    },
    "ssh-agent": {
      "version": "https://registry.npmjs.org/ssh-agent/-/ssh-agent-0.2.3.tgz",
      "integrity": "sha1-dKyf+ta37KPBZ0aGtWE4JCQ/hqk=",
      "requires": {
        "ctype": "https://registry.npmjs.org/ctype/-/ctype-0.5.4.tgz",
        "posix-getopt": "https://registry.npmjs.org/posix-getopt/-/posix-getopt-1.1.0.tgz"
      },
      "dependencies": {
        "ctype": {
          "version": "https://registry.npmjs.org/ctype/-/ctype-0.5.4.tgz",
          "integrity": "sha1-XP/7wmZELOihI5pfNwkaCFt6Pm4="
        },
        "posix-getopt": {
          "version": "https://registry.npmjs.org/posix-getopt/-/posix-getopt-1.1.0.tgz",
          "integrity": "sha1-jiWKyo801pBsFZoysDiDYBl+Vpg="
        }
      }
    },
    "stackvis": {
      "version": "https://registry.npmjs.org/stackvis/-/stackvis-0.3.0.tgz",
      "integrity": "sha1-hZ0yTBOYNtCGKJ+zO1F4/iUkPxM=",
      "requires": {
        "bunyan": "https://registry.npmjs.org/bunyan/-/bunyan-0.21.4.tgz",
        "carrier": "https://registry.npmjs.org/carrier/-/carrier-0.1.7.tgz",
        "hogan.js": "https://registry.npmjs.org/hogan.js/-/hogan.js-2.0.0.tgz",
        "jsprim": "https://registry.npmjs.org/jsprim/-/jsprim-0.5.1.tgz",
        "manta": "https://registry.npmjs.org/manta/-/manta-1.5.1.tgz",
        "node-uuid": "https://registry.npmjs.org/node-uuid/-/node-uuid-1.4.1.tgz",
        "posix-getopt": "https://registry.npmjs.org/posix-getopt/-/posix-getopt-1.0.0.tgz",
        "vasync": "https://registry.npmjs.org/vasync/-/vasync-1.4.0.tgz",
        "verror": "https://registry.npmjs.org/verror/-/verror-1.3.6.tgz"
      }
    },
    "string-width": {
      "version": "https://registry.npmjs.org/string-width/-/string-width-1.0.2.tgz",
      "integrity": "sha1-EYvfW4zcUaKn5w0hHgfisLmxB9M=",
      "requires": {
        "code-point-at": "https://registry.npmjs.org/code-point-at/-/code-point-at-1.0.0.tgz",
        "is-fullwidth-code-point": "https://registry.npmjs.org/is-fullwidth-code-point/-/is-fullwidth-code-point-1.0.0.tgz",
        "strip-ansi": "https://registry.npmjs.org/strip-ansi/-/strip-ansi-3.0.1.tgz"
      }
    },
    "string_decoder": {
      "version": "https://registry.npmjs.org/string_decoder/-/string_decoder-0.10.31.tgz",
      "integrity": "sha1-YuIDvEF2bGwoyfyEMB2rHFMQ+pQ="
    },
    "strip-ansi": {
      "version": "https://registry.npmjs.org/strip-ansi/-/strip-ansi-3.0.1.tgz",
      "integrity": "sha1-ajhfuIU9lS1f8F0Oiq+UJ43GPc8=",
      "requires": {
        "ansi-regex": "https://registry.npmjs.org/ansi-regex/-/ansi-regex-2.0.0.tgz"
      }
    },
    "strip-bom": {
      "version": "https://registry.npmjs.org/strip-bom/-/strip-bom-2.0.0.tgz",
      "integrity": "sha1-YhmoVhZSBJHzV4i9vxRHqZx+aw4=",
      "requires": {
        "is-utf8": "https://registry.npmjs.org/is-utf8/-/is-utf8-0.2.1.tgz"
      }
    },
    "supports-color": {
      "version": "https://registry.npmjs.org/supports-color/-/supports-color-1.2.0.tgz",
      "integrity": "sha1-/x7R5hFp0Gs88tWI4YixjYhH4X4=",
      "dev": true
    },
    "tar": {
      "version": "https://registry.npmjs.org/tar/-/tar-0.1.18.tgz",
      "integrity": "sha1-t2w7I8XpD54+NERi9TcEfGlbpjU=",
      "requires": {
        "block-stream": "https://registry.npmjs.org/block-stream/-/block-stream-0.0.9.tgz",
        "fstream": "https://registry.npmjs.org/fstream/-/fstream-0.1.31.tgz",
        "inherits": "https://registry.npmjs.org/inherits/-/inherits-2.0.1.tgz"
      }
    },
    "temp": {
      "version": "https://registry.npmjs.org/temp/-/temp-0.8.3.tgz",
      "integrity": "sha1-4Ma8TSa5AxJEEOT+2BEDAU38H1k=",
      "requires": {
        "os-tmpdir": "https://registry.npmjs.org/os-tmpdir/-/os-tmpdir-1.0.1.tgz",
        "rimraf": "https://registry.npmjs.org/rimraf/-/rimraf-2.2.8.tgz"
      },
      "dependencies": {
        "rimraf": {
          "version": "https://registry.npmjs.org/rimraf/-/rimraf-2.2.8.tgz",
          "integrity": "sha1-5Dm+Kq7jJzIZUnMPmaiSnk/FBYI="
        }
      }
    },
    "tree-sitter": {
      "version": "0.7.0",
      "resolved": "https://registry.npmjs.org/tree-sitter/-/tree-sitter-0.7.0.tgz",
      "integrity": "sha512-5qW4UMwLI6/R5Gb6Yxy3pkP784sX5auCxYiG6NfUTwyhH12pv3VznSz1hOFL+HCg0Zt0nrKZh61rv41tJ+0FHA==",
      "requires": {
        "nan": "https://registry.npmjs.org/nan/-/nan-2.4.0.tgz"
      }
    },
    "tunnel-agent": {
      "version": "https://registry.npmjs.org/tunnel-agent/-/tunnel-agent-0.4.0.tgz",
      "integrity": "sha1-sRhOMS/7z3CztMeOjCGd5+uxxVA="
    },
    "type-detect": {
      "version": "https://registry.npmjs.org/type-detect/-/type-detect-1.0.0.tgz",
      "integrity": "sha1-diIXzAbbJY7EiQihKY6LlRIejqI=",
      "dev": true
    },
    "validate-npm-package-license": {
      "version": "https://registry.npmjs.org/validate-npm-package-license/-/validate-npm-package-license-3.0.1.tgz",
      "integrity": "sha1-KAS6vnEq0zeUWaz74kdGqywwP7w=",
      "requires": {
        "spdx-correct": "https://registry.npmjs.org/spdx-correct/-/spdx-correct-1.0.2.tgz",
        "spdx-expression-parse": "https://registry.npmjs.org/spdx-expression-parse/-/spdx-expression-parse-1.0.2.tgz"
      }
    },
    "vasync": {
      "version": "https://registry.npmjs.org/vasync/-/vasync-1.4.0.tgz",
      "integrity": "sha1-bqWmNYI1iGjYdDy91v+tyQg7kQ8=",
      "requires": {
        "jsprim": "https://registry.npmjs.org/jsprim/-/jsprim-0.3.0.tgz",
        "verror": "https://registry.npmjs.org/verror/-/verror-1.1.0.tgz"
      },
      "dependencies": {
        "extsprintf": {
          "version": "https://registry.npmjs.org/extsprintf/-/extsprintf-1.0.0.tgz",
          "integrity": "sha1-TVi4Fazlvr/E6/A8+YsKdgSpm4Y="
        },
        "jsprim": {
          "version": "https://registry.npmjs.org/jsprim/-/jsprim-0.3.0.tgz",
          "integrity": "sha1-zRNGbqJIDb2DlqVw1H0x3aR2+LE=",
          "requires": {
            "extsprintf": "https://registry.npmjs.org/extsprintf/-/extsprintf-1.0.0.tgz",
            "json-schema": "https://registry.npmjs.org/json-schema/-/json-schema-0.2.2.tgz",
            "verror": "https://registry.npmjs.org/verror/-/verror-1.3.3.tgz"
          },
          "dependencies": {
            "verror": {
              "version": "https://registry.npmjs.org/verror/-/verror-1.3.3.tgz",
              "integrity": "sha1-impKw6jHdLb2h/7OSb3/14VS4s0=",
              "requires": {
                "extsprintf": "https://registry.npmjs.org/extsprintf/-/extsprintf-1.0.0.tgz"
              }
            }
          }
        },
        "verror": {
          "version": "https://registry.npmjs.org/verror/-/verror-1.1.0.tgz",
          "integrity": "sha1-KktOsUogcFHnWm+U7lExW/FzobA=",
          "requires": {
            "extsprintf": "https://registry.npmjs.org/extsprintf/-/extsprintf-1.0.0.tgz"
          }
        }
      }
    },
    "verror": {
      "version": "https://registry.npmjs.org/verror/-/verror-1.3.6.tgz",
      "integrity": "sha1-z/XfEpRtKX0rqu+qJoniW+AcAFw=",
      "requires": {
        "extsprintf": "https://registry.npmjs.org/extsprintf/-/extsprintf-1.0.2.tgz"
      }
    },
    "vows": {
      "version": "https://registry.npmjs.org/vows/-/vows-0.7.0.tgz",
      "integrity": "sha1-3QBl8RC6DAptY+hEhRwyCBdtWGc=",
      "requires": {
        "diff": "https://registry.npmjs.org/diff/-/diff-1.0.8.tgz",
        "eyes": "https://registry.npmjs.org/eyes/-/eyes-0.1.8.tgz"
      },
      "dependencies": {
        "diff": {
          "version": "https://registry.npmjs.org/diff/-/diff-1.0.8.tgz",
          "integrity": "sha1-NDJ2MI7Jkbe8giZ+1VvBQR+XFmY="
        }
      }
    },
    "watershed": {
      "version": "https://registry.npmjs.org/watershed/-/watershed-0.3.0.tgz",
      "integrity": "sha1-OMSZWzzMmxvvdnpIAFTRxzQFeLs=",
      "requires": {
        "dtrace-provider": "0.2.8",
        "readable-stream": "https://registry.npmjs.org/readable-stream/-/readable-stream-1.0.2.tgz"
      },
      "dependencies": {
        "readable-stream": {
          "version": "https://registry.npmjs.org/readable-stream/-/readable-stream-1.0.2.tgz",
          "integrity": "sha1-ITzjaGT8Hw1OmOA7nrksZAQimdQ="
        }
      }
    },
    "which-module": {
      "version": "https://registry.npmjs.org/which-module/-/which-module-1.0.0.tgz",
      "integrity": "sha1-u6Y8qGGUiZT/MHc2CJ47lgJsKk8="
    },
    "window-size": {
      "version": "https://registry.npmjs.org/window-size/-/window-size-0.2.0.tgz",
      "integrity": "sha1-tDFbtCFKPXBY6+7okuE/ok2YsHU="
    },
    "wrap-ansi": {
      "version": "https://registry.npmjs.org/wrap-ansi/-/wrap-ansi-2.0.0.tgz",
      "integrity": "sha1-fTD4+HP5pbvDpk2ryNF34HGuQm8=",
      "requires": {
        "string-width": "https://registry.npmjs.org/string-width/-/string-width-1.0.2.tgz"
      }
    },
    "wrappy": {
      "version": "https://registry.npmjs.org/wrappy/-/wrappy-1.0.2.tgz",
      "integrity": "sha1-tSQ9jz7BqjXxNkYFvA0QNuMKtp8="
    },
    "y18n": {
      "version": "https://registry.npmjs.org/y18n/-/y18n-3.2.1.tgz",
      "integrity": "sha1-bRX7qITAhnnA136I53WegR4H+kE="
    },
    "yargs": {
      "version": "https://registry.npmjs.org/yargs/-/yargs-4.8.1.tgz",
      "integrity": "sha1-wMQpJMpKqmsObaFznfshZDn53cA=",
      "requires": {
        "cliui": "https://registry.npmjs.org/cliui/-/cliui-3.2.0.tgz",
        "decamelize": "https://registry.npmjs.org/decamelize/-/decamelize-1.2.0.tgz",
        "get-caller-file": "https://registry.npmjs.org/get-caller-file/-/get-caller-file-1.0.2.tgz",
        "lodash.assign": "https://registry.npmjs.org/lodash.assign/-/lodash.assign-4.2.0.tgz",
        "os-locale": "https://registry.npmjs.org/os-locale/-/os-locale-1.4.0.tgz",
        "read-pkg-up": "https://registry.npmjs.org/read-pkg-up/-/read-pkg-up-1.0.1.tgz",
        "require-directory": "https://registry.npmjs.org/require-directory/-/require-directory-2.1.1.tgz",
        "require-main-filename": "https://registry.npmjs.org/require-main-filename/-/require-main-filename-1.0.1.tgz",
        "set-blocking": "https://registry.npmjs.org/set-blocking/-/set-blocking-2.0.0.tgz",
        "string-width": "https://registry.npmjs.org/string-width/-/string-width-1.0.2.tgz",
        "which-module": "https://registry.npmjs.org/which-module/-/which-module-1.0.0.tgz",
        "window-size": "https://registry.npmjs.org/window-size/-/window-size-0.2.0.tgz",
        "y18n": "https://registry.npmjs.org/y18n/-/y18n-3.2.1.tgz",
        "yargs-parser": "https://registry.npmjs.org/yargs-parser/-/yargs-parser-2.4.1.tgz"
      }
    },
    "yargs-parser": {
      "version": "https://registry.npmjs.org/yargs-parser/-/yargs-parser-2.4.1.tgz",
      "integrity": "sha1-hVaN488VD/SfpRgl8DqMiA3cxcQ=",
      "requires": {
        "camelcase": "https://registry.npmjs.org/camelcase/-/camelcase-3.0.0.tgz",
        "lodash.assign": "https://registry.npmjs.org/lodash.assign/-/lodash.assign-4.2.0.tgz"
      }
    }
  }
}
